{
    "_readme": [
        "This file locks the dependencies of your project to a known state",
        "Read more about it at https://getcomposer.org/doc/01-basic-usage.md#installing-dependencies",
        "This file is @generated automatically"
    ],
    "content-hash": "5e2d37bd01ebae3f9799c78ecd604fee",
    "packages": [
        {
            "name": "abraia/abraia",
            "version": "0.5.1",
            "source": {
                "type": "git",
                "url": "https://github.com/abraia/abraia-php.git",
                "reference": "46c9796d9dad398328c70a5b0fff21702e56efdd"
            },
            "dist": {
                "type": "zip",
                "url": "https://api.github.com/repos/abraia/abraia-php/zipball/46c9796d9dad398328c70a5b0fff21702e56efdd",
                "reference": "46c9796d9dad398328c70a5b0fff21702e56efdd",
                "shasum": ""
            },
            "require": {
                "ext-curl": "*",
                "ext-json": "*",
                "php": ">=5.6.0"
            },
            "require-dev": {
                "php-coveralls/php-coveralls": "^2.1",
                "phpunit/phpunit": "^5",
                "vlucas/phpdotenv": "^4.1"
            },
            "type": "library",
            "autoload": {
                "psr-4": {
                    "Abraia\\": "abraia/"
                }
            },
            "notification-url": "https://packagist.org/downloads/",
            "license": [
                "MIT"
            ],
            "authors": [
                {
                    "name": "Jorge Rodriguez Araujo",
                    "email": "jorge@abraiasoftware.com"
                }
            ],
            "description": "Abraia PHP SDK",
            "homepage": "https://github.com/abraia/abraia-php#readme",
            "keywords": [
                "abraia-api",
                "image-compression",
                "image-optimization",
                "image-processing",
                "php"
            ],
            "time": "2020-04-14T10:02:25+00:00"
        }
    ],
    "packages-dev": [],
    "aliases": [],
    "minimum-stability": "stable",
    "stability-flags": [],
    "prefer-stable": false,
    "prefer-lowest": false,
    "platform": [],
    "platform-dev": []
}
